
Microsoft Visual Studio Solution File, Format Version 12.00
# Visual Studio Version 16
VisualStudioVersion = 16.0.31424.327
MinimumVisualStudioVersion = 10.0.40219.1
Project("{FAE04EC0-301F-11D3-BF4B-00C04F79EFBC}") = "4.2 15v", "4.2 15v\4.2 15v.csproj", "{3C7F8FFC-854C-4875-9338-C98D7DE8FF38}"
EndProject
Global
	GlobalSection(SolutionConfigurationPlatforms) = preSolution
		Debug|Any CPU = Debug|Any CPU
		Release|Any CPU = Release|Any CPU
	EndGlobalSection
	GlobalSection(ProjectConfigurationPlatforms) = postSolution
		{3C7F8FFC-854C-4875-9338-C98D7DE8FF38}.Debug|Any CPU.ActiveCfg = Debug|Any CPU
		{3C7F8FFC-854C-4875-9338-C98D7DE8FF38}.Debug|Any CPU.Build.0 = Debug|Any CPU
		{3C7F8FFC-854C-4875-9338-C98D7DE8FF38}.Release|Any CPU.ActiveCfg = Release|Any CPU
		{3C7F8FFC-854C-4875-9338-C98D7DE8FF38}.Release|Any CPU.Build.0 = Release|Any CPU
	EndGlobalSection
	GlobalSection(SolutionProperties) = preSolution
		HideSolutionNode = FALSE
	EndGlobalSection
	GlobalSection(ExtensibilityGlobals) = postSolution
		SolutionGuid = {607240AC-0474-4E01-833D-C85C6610E334}
	EndGlobalSection
EndGlobal
